// !$*UTF8*$!
{
	archiveVersion = 1;
	classes = {
	};
	objectVersion = 77;
	objects = {

/* Begin PBXBuildFile section */
		5013A0000000000000000101 /* SunfoldWidgets.appex in Embed Foundation Extensions */ = {isa = PBXBuildFile; fileRef = 5013A00000000000000000B2 /* SunfoldWidgets.appex */; settings = {ATTRIBUTES = (RemoveHeadersOnCopy, ); }; };
		5013A0000000000000000102 /* RevenueCat in Frameworks */ = {isa = PBXBuildFile; productRef = 5013A0000000000000000112 /* RevenueCat */; };
/* End PBXBuildFile section */

/* Begin PBXContainerItemProxy section */
		5013A00000000000000000F2 /* PBXContainerItemProxy */ = {
			isa = PBXContainerItemProxy;
			containerPortal = 5013A00000000000000000A1 /* Project object */;
			proxyType = 1;
			remoteGlobalIDString = 5013A00000000000000000D2;
			remoteInfo = SunfoldWidgets;
		};
/* End PBXContainerItemProxy section */

/* Begin PBXCopyFilesBuildPhase section */
		5013A00000000000000000E4 /* Embed Foundation Extensions */ = {
			isa = PBXCopyFilesBuildPhase;
			buildActionMask = 2147483647;
			dstPath = "";
			dstSubfolderSpec = 13;
			files = (
				5013A0000000000000000101 /* SunfoldWidgets.appex in Embed Foundation Extensions */,
			);
			name = "Embed Foundation Extensions";
			runOnlyForDeploymentPostprocessing = 0;
		};
/* End PBXCopyFilesBuildPhase section */

/* Begin PBXFileReference section */
		5013A00000000000000000B1 /* Sunfold.app */ = {isa = PBXFileReference; explicitFileType = wrapper.application; includeInIndex = 0; path = Sunfold.app; sourceTree = BUILT_PRODUCTS_DIR; };
		5013A00000000000000000B2 /* SunfoldWidgets.appex */ = {isa = PBXFileReference; explicitFileType = "wrapper.app-extension"; includeInIndex = 0; path = SunfoldWidgets.appex; sourceTree = BUILT_PRODUCTS_DIR; };
		5013A00000000000000000B3 /* SunfoldTests.xctest */ = {isa = PBXFileReference; explicitFileType = wrapper.cfbundle; includeInIndex = 0; path = SunfoldTests.xctest; sourceTree = BUILT_PRODUCTS_DIR; };
		5013A0000000000000000141 /* Sunfold-Info.plist */ = {isa = PBXFileReference; lastKnownFileType = text.plist.xml; path = "Sunfold-Info.plist"; sourceTree = "<group>"; };
		5013A0000000000000000142 /* Sunfold.entitlements */ = {isa = PBXFileReference; lastKnownFileType = text.plist.entitlements; path = Sunfold.entitlements; sourceTree = "<group>"; };
		5013A0000000000000000143 /* SunfoldWidgets-Info.plist */ = {isa = PBXFileReference; lastKnownFileType = text.plist.xml; path = "SunfoldWidgets-Info.plist"; sourceTree = "<group>"; };
		5013A0000000000000000144 /* SunfoldWidgets.entitlements */ = {isa = PBXFileReference; lastKnownFileType = text.plist.entitlements; path = SunfoldWidgets.entitlements; sourceTree = "<group>"; };
		5013A0000000000000000145 /* Sunfold.storekit */ = {isa = PBXFileReference; lastKnownFileType = text; path = Sunfold.storekit; sourceTree = "<group>"; };
/* End PBXFileReference section */

/* Begin PBXFileSystemSynchronizedRootGroup section */
		5013A00000000000000000C1 /* Shared */ = {
			isa = PBXFileSystemSynchronizedRootGroup;
			path = Shared;
			sourceTree = "<group>";
		};
		5013A00000000000000000C2 /* Sunfold */ = {
			isa = PBXFileSystemSynchronizedRootGroup;
			path = Sunfold;
			sourceTree = "<group>";
		};
		5013A00000000000000000C3 /* SunfoldWidgets */ = {
			isa = PBXFileSystemSynchronizedRootGroup;
			path = SunfoldWidgets;
			sourceTree = "<group>";
		};
		5013A00000000000000000C4 /* SunfoldTests */ = {
			isa = PBXFileSystemSynchronizedRootGroup;
			path = SunfoldTests;
			sourceTree = "<group>";
		};
/* End PBXFileSystemSynchronizedRootGroup section */

/* Begin PBXFrameworksBuildPhase section */
		5013A00000000000000000E2 /* Frameworks */ = {
			isa = PBXFrameworksBuildPhase;
			buildActionMask = 2147483647;
			files = (
				5013A0000000000000000102 /* RevenueCat in Frameworks */,
			);
			runOnlyForDeploymentPostprocessing = 0;
		};
		5013A00000000000000000E6 /* Frameworks */ = {
			isa = PBXFrameworksBuildPhase;
			buildActionMask = 2147483647;
			files = (
			);
			runOnlyForDeploymentPostprocessing = 0;
		};
		5013A00000000000000000E9 /* Frameworks */ = {
			isa = PBXFrameworksBuildPhase;
			buildActionMask = 2147483647;
			files = (
			);
			runOnlyForDeploymentPostprocessing = 0;
		};
/* End PBXFrameworksBuildPhase section */

/* Begin PBXGroup section */
		5013A00000000000000000A2 = {
			isa = PBXGroup;
			children = (
				5013A00000000000000000A4 /* Config */,
				5013A00000000000000000C1 /* Shared */,
				5013A00000000000000000C2 /* Sunfold */,
				5013A00000000000000000C3 /* SunfoldWidgets */,
				5013A00000000000000000C4 /* SunfoldTests */,
				5013A00000000000000000A3 /* Products */,
			);
			sourceTree = "<group>";
		};
		5013A00000000000000000A3 /* Products */ = {
			isa = PBXGroup;
			children = (
				5013A00000000000000000B1 /* Sunfold.app */,
				5013A00000000000000000B2 /* SunfoldWidgets.appex */,
				5013A00000000000000000B3 /* SunfoldTests.xctest */,
			);
			name = Products;
			sourceTree = "<group>";
		};
		5013A00000000000000000A4 /* Config */ = {
			isa = PBXGroup;
			children = (
				5013A0000000000000000141 /* Sunfold-Info.plist */,
				5013A0000000000000000142 /* Sunfold.entitlements */,
				5013A0000000000000000143 /* SunfoldWidgets-Info.plist */,
				5013A0000000000000000144 /* SunfoldWidgets.entitlements */,
				5013A0000000000000000145 /* Sunfold.storekit */,
			);
			path = Config;
			sourceTree = "<group>";
		};
/* End PBXGroup section */

/* Begin PBXNativeTarget section */
		5013A00000000000000000D1 /* Sunfold */ = {
			isa = PBXNativeTarget;
			buildConfigurationList = 5013A0000000000000000122 /* Build configuration list for PBXNativeTarget "Sunfold" */;
			buildPhases = (
				5013A00000000000000000E1 /* Sources */,
				5013A00000000000000000E2 /* Frameworks */,
				5013A00000000000000000E3 /* Resources */,
				5013A00000000000000000E4 /* Embed Foundation Extensions */,
			);
			buildRules = (
			);
			dependencies = (
				5013A00000000000000000F1 /* PBXTargetDependency */,
			);
			fileSystemSynchronizedGroups = (
				5013A00000000000000000C1 /* Shared */,
				5013A00000000000000000C2 /* Sunfold */,
			);
			name = Sunfold;
			packageProductDependencies = (
				5013A0000000000000000112 /* RevenueCat */,
			);
			productName = Sunfold;
			productReference = 5013A00000000000000000B1 /* Sunfold.app */;
			productType = "com.apple.product-type.application";
		};
		5013A00000000000000000D2 /* SunfoldWidgets */ = {
			isa = PBXNativeTarget;
			buildConfigurationList = 5013A0000000000000000123 /* Build configuration list for PBXNativeTarget "SunfoldWidgets" */;
			buildPhases = (
				5013A00000000000000000E5 /* Sources */,
				5013A00000000000000000E6 /* Frameworks */,
				5013A00000000000000000E7 /* Resources */,
			);
			buildRules = (
			);
			dependencies = (
			);
			fileSystemSynchronizedGroups = (
				5013A00000000000000000C1 /* Shared */,
				5013A00000000000000000C3 /* SunfoldWidgets */,
			);
			name = SunfoldWidgets;
			packageProductDependencies = (
			);
			productName = SunfoldWidgets;
			productReference = 5013A00000000000000000B2 /* SunfoldWidgets.appex */;
			productType = "com.apple.product-type.app-extension";
		};
		5013A00000000000000000D3 /* SunfoldTests */ = {
			isa = PBXNativeTarget;
			buildConfigurationList = 5013A0000000000000000124 /* Build configuration list for PBXNativeTarget "SunfoldTests" */;
			buildPhases = (
				5013A00000000000000000E8 /* Sources */,
				5013A00000000000000000E9 /* Frameworks */,
				5013A00000000000000000EA /* Resources */,
			);
			buildRules = (
			);
			dependencies = (
			);
			fileSystemSynchronizedGroups = (
				5013A00000000000000000C1 /* Shared */,
				5013A00000000000000000C4 /* SunfoldTests */,
			);
			name = SunfoldTests;
			packageProductDependencies = (
			);
			productName = SunfoldTests;
			productReference = 5013A00000000000000000B3 /* SunfoldTests.xctest */;
			productType = "com.apple.product-type.bundle.unit-test";
		};
/* End PBXNativeTarget section */

/* Begin PBXProject section */
		5013A00000000000000000A1 /* Project object */ = {
			isa = PBXProject;
			attributes = {
				BuildIndependentTargetsInParallel = 1;
				LastSwiftUpdateCheck = 2660;
				LastUpgradeCheck = 2660;
				TargetAttributes = {
					5013A00000000000000000D1 = {
						CreatedOnToolsVersion = 26.6;
					};
					5013A00000000000000000D2 = {
						CreatedOnToolsVersion = 26.6;
					};
				};
			};
			buildConfigurationList = 5013A0000000000000000121 /* Build configuration list for PBXProject "Sunfold" */;
			developmentRegion = en;
			hasScannedForEncodings = 0;
			knownRegions = (
				en,
				uk,
				ru,
				Base,
			);
			mainGroup = 5013A00000000000000000A2;
			minimizedProjectReferenceProxies = 1;
			packageReferences = (
				5013A0000000000000000111 /* XCRemoteSwiftPackageReference "purchases-ios" */,
			);
			preferredProjectObjectVersion = 77;
			productRefGroup = 5013A00000000000000000A3 /* Products */;
			projectDirPath = "";
			projectRoot = "";
			targets = (
				5013A00000000000000000D1 /* Sunfold */,
				5013A00000000000000000D2 /* SunfoldWidgets */,
				5013A00000000000000000D3 /* SunfoldTests */,
			);
		};
/* End PBXProject section */

/* Begin PBXResourcesBuildPhase section */
		5013A00000000000000000E3 /* Resources */ = {
			isa = PBXResourcesBuildPhase;
			buildActionMask = 2147483647;
			files = (
			);
			runOnlyForDeploymentPostprocessing = 0;
		};
		5013A00000000000000000E7 /* Resources */ = {
			isa = PBXResourcesBuildPhase;
			buildActionMask = 2147483647;
			files = (
			);
			runOnlyForDeploymentPostprocessing = 0;
		};
		5013A00000000000000000EA /* Resources */ = {
			isa = PBXResourcesBuildPhase;
			buildActionMask = 2147483647;
			files = (
			);
			runOnlyForDeploymentPostprocessing = 0;
		};
/* End PBXResourcesBuildPhase section */

/* Begin PBXSourcesBuildPhase section */
		5013A00000000000000000E1 /* Sources */ = {
			isa = PBXSourcesBuildPhase;
			buildActionMask = 2147483647;
			files = (
			);
			runOnlyForDeploymentPostprocessing = 0;
		};
		5013A00000000000000000E5 /* Sources */ = {
			isa = PBXSourcesBuildPhase;
			buildActionMask = 2147483647;
			files = (
			);
			runOnlyForDeploymentPostprocessing = 0;
		};
		5013A00000000000000000E8 /* Sources */ = {
			isa = PBXSourcesBuildPhase;
			buildActionMask = 2147483647;
			files = (
			);
			runOnlyForDeploymentPostprocessing = 0;
		};
/* End PBXSourcesBuildPhase section */

/* Begin PBXTargetDependency section */
		5013A00000000000000000F1 /* PBXTargetDependency */ = {
			isa = PBXTargetDependency;
			target = 5013A00000000000000000D2 /* SunfoldWidgets */;
			targetProxy = 5013A00000000000000000F2 /* PBXContainerItemProxy */;
		};
/* End PBXTargetDependency section */

/* Begin XCBuildConfiguration section */
		5013A0000000000000000131 /* Debug */ = {
			isa = XCBuildConfiguration;
			buildSettings = {
				DEVELOPMENT_TEAM = 3M856J997X;
				ALWAYS_SEARCH_USER_PATHS = NO;
				ASSETCATALOG_COMPILER_GENERATE_SWIFT_ASSET_SYMBOL_EXTENSIONS = YES;
				CLANG_ANALYZER_NONNULL = YES;
				CLANG_ANALYZER_NUMBER_OBJECT_CONVERSION = YES_AGGRESSIVE;
				CLANG_ENABLE_MODULES = YES;
				CLANG_ENABLE_OBJC_ARC = YES;
				CLANG_WARN_BOOL_CONVERSION = YES;
				CLANG_WARN_DOCUMENTATION_COMMENTS = YES;
				CLANG_WARN_EMPTY_BODY = YES;
				CLANG_WARN_UNREACHABLE_CODE = YES;
				COPY_PHASE_STRIP = NO;
				DEAD_CODE_STRIPPING = YES;
				DEBUG_INFORMATION_FORMAT = dwarf;
				ENABLE_STRICT_OBJC_MSGSEND = YES;
				ENABLE_TESTABILITY = YES;
				ENABLE_USER_SCRIPT_SANDBOXING = YES;
				GCC_C_LANGUAGE_STANDARD = gnu17;
				GCC_DYNAMIC_NO_PIC = NO;
				GCC_NO_COMMON_BLOCKS = YES;
				GCC_OPTIMIZATION_LEVEL = 0;
				GCC_PREPROCESSOR_DEFINITIONS = (
					"DEBUG=1",
					"$(inherited)",
				);
				GCC_WARN_UNDECLARED_SELECTOR = YES;
				GCC_WARN_UNINITIALIZED_AUTOS = YES_AGGRESSIVE;
				GCC_WARN_UNUSED_FUNCTION = YES;
				GCC_WARN_UNUSED_VARIABLE = YES;
				IPHONEOS_DEPLOYMENT_TARGET = 17.0;
				LOCALIZATION_PREFERS_STRING_CATALOGS = YES;
				MTL_ENABLE_DEBUG_INFO = INCLUDE_SOURCE;
				MTL_FAST_MATH = YES;
				ONLY_ACTIVE_ARCH = YES;
				SDKROOT = iphoneos;
				SWIFT_ACTIVE_COMPILATION_CONDITIONS = "DEBUG $(inherited)";
				SWIFT_APPROACHABLE_CONCURRENCY = YES;
				SWIFT_DEFAULT_ACTOR_ISOLATION = MainActor;
				SWIFT_OPTIMIZATION_LEVEL = "-Onone";
				SWIFT_VERSION = 6.0;
			};
			name = Debug;
		};
		5013A0000000000000000132 /* Release */ = {
			isa = XCBuildConfiguration;
			buildSettings = {
				DEVELOPMENT_TEAM = 3M856J997X;
				ALWAYS_SEARCH_USER_PATHS = NO;
				ASSETCATALOG_COMPILER_GENERATE_SWIFT_ASSET_SYMBOL_EXTENSIONS = YES;
				CLANG_ANALYZER_NONNULL = YES;
				CLANG_ANALYZER_NUMBER_OBJECT_CONVERSION = YES_AGGRESSIVE;
				CLANG_ENABLE_MODULES = YES;
				CLANG_ENABLE_OBJC_ARC = YES;
				CLANG_WARN_BOOL_CONVERSION = YES;
				CLANG_WARN_DOCUMENTATION_COMMENTS = YES;
				CLANG_WARN_EMPTY_BODY = YES;
				CLANG_WARN_UNREACHABLE_CODE = YES;
				COPY_PHASE_STRIP = NO;
				DEAD_CODE_STRIPPING = YES;
				DEBUG_INFORMATION_FORMAT = "dwarf-with-dsym";
				ENABLE_NS_ASSERTIONS = NO;
				ENABLE_STRICT_OBJC_MSGSEND = YES;
				ENABLE_USER_SCRIPT_SANDBOXING = YES;
				GCC_C_LANGUAGE_STANDARD = gnu17;
				GCC_NO_COMMON_BLOCKS = YES;
				GCC_WARN_UNDECLARED_SELECTOR = YES;
				GCC_WARN_UNINITIALIZED_AUTOS = YES_AGGRESSIVE;
				GCC_WARN_UNUSED_FUNCTION = YES;
				GCC_WARN_UNUSED_VARIABLE = YES;
				IPHONEOS_DEPLOYMENT_TARGET = 17.0;
				LOCALIZATION_PREFERS_STRING_CATALOGS = YES;
				MTL_ENABLE_DEBUG_INFO = NO;
				MTL_FAST_MATH = YES;
				SDKROOT = iphoneos;
				SWIFT_APPROACHABLE_CONCURRENCY = YES;
				SWIFT_COMPILATION_MODE = wholemodule;
				SWIFT_DEFAULT_ACTOR_ISOLATION = MainActor;
				SWIFT_VERSION = 6.0;
				VALIDATE_PRODUCT = YES;
			};
			name = Release;
		};
		5013A0000000000000000133 /* Debug */ = {
			isa = XCBuildConfiguration;
			buildSettings = {
				ASSETCATALOG_COMPILER_APPICON_NAME = AppIcon;
				ASSETCATALOG_COMPILER_GLOBAL_ACCENT_COLOR_NAME = AccentColor;
				CODE_SIGN_ENTITLEMENTS = Config/Sunfold.entitlements;
				CODE_SIGN_STYLE = Automatic;
				CURRENT_PROJECT_VERSION = 1;
				DEVELOPMENT_ASSET_PATHS = "";
				DEVELOPMENT_TEAM = 3M856J997X;
				ENABLE_PREVIEWS = YES;
				INFOPLIST_FILE = "Config/Sunfold-Info.plist";
				LD_RUNPATH_SEARCH_PATHS = (
					"$(inherited)",
					"@executable_path/Frameworks",
				);
				MARKETING_VERSION = 1.0;
				PRODUCT_BUNDLE_IDENTIFIER = app.sunfold;
				PRODUCT_NAME = "$(TARGET_NAME)";
				SWIFT_EMIT_LOC_STRINGS = YES;
				TARGETED_DEVICE_FAMILY = 1;
			};
			name = Debug;
		};
		5013A0000000000000000134 /* Release */ = {
			isa = XCBuildConfiguration;
			buildSettings = {
				ASSETCATALOG_COMPILER_APPICON_NAME = AppIcon;
				ASSETCATALOG_COMPILER_GLOBAL_ACCENT_COLOR_NAME = AccentColor;
				CODE_SIGN_ENTITLEMENTS = Config/Sunfold.entitlements;
				CODE_SIGN_STYLE = Automatic;
				CURRENT_PROJECT_VERSION = 1;
				DEVELOPMENT_ASSET_PATHS = "";
				DEVELOPMENT_TEAM = 3M856J997X;
				ENABLE_PREVIEWS = YES;
				INFOPLIST_FILE = "Config/Sunfold-Info.plist";
				LD_RUNPATH_SEARCH_PATHS = (
					"$(inherited)",
					"@executable_path/Frameworks",
				);
				MARKETING_VERSION = 1.0;
				PRODUCT_BUNDLE_IDENTIFIER = app.sunfold;
				PRODUCT_NAME = "$(TARGET_NAME)";
				SWIFT_EMIT_LOC_STRINGS = YES;
				TARGETED_DEVICE_FAMILY = 1;
			};
			name = Release;
		};
		5013A0000000000000000135 /* Debug */ = {
			isa = XCBuildConfiguration;
			buildSettings = {
				ASSETCATALOG_COMPILER_GLOBAL_ACCENT_COLOR_NAME = "";
				CODE_SIGN_ENTITLEMENTS = Config/SunfoldWidgets.entitlements;
				CODE_SIGN_STYLE = Automatic;
				CURRENT_PROJECT_VERSION = 1;
				DEVELOPMENT_TEAM = 3M856J997X;
				ENABLE_PREVIEWS = YES;
				INFOPLIST_FILE = "Config/SunfoldWidgets-Info.plist";
				INFOPLIST_KEY_CFBundleDisplayName = Sunfold;
				LD_RUNPATH_SEARCH_PATHS = (
					"$(inherited)",
					"@executable_path/Frameworks",
					"@executable_path/../../Frameworks",
				);
				MARKETING_VERSION = 1.0;
				PRODUCT_BUNDLE_IDENTIFIER = app.sunfold.widgets;
				PRODUCT_NAME = "$(TARGET_NAME)";
				SKIP_INSTALL = YES;
				SWIFT_EMIT_LOC_STRINGS = YES;
				TARGETED_DEVICE_FAMILY = 1;
			};
			name = Debug;
		};
		5013A0000000000000000136 /* Release */ = {
			isa = XCBuildConfiguration;
			buildSettings = {
				ASSETCATALOG_COMPILER_GLOBAL_ACCENT_COLOR_NAME = "";
				CODE_SIGN_ENTITLEMENTS = Config/SunfoldWidgets.entitlements;
				CODE_SIGN_STYLE = Automatic;
				CURRENT_PROJECT_VERSION = 1;
				DEVELOPMENT_TEAM = 3M856J997X;
				ENABLE_PREVIEWS = YES;
				INFOPLIST_FILE = "Config/SunfoldWidgets-Info.plist";
				INFOPLIST_KEY_CFBundleDisplayName = Sunfold;
				LD_RUNPATH_SEARCH_PATHS = (
					"$(inherited)",
					"@executable_path/Frameworks",
					"@executable_path/../../Frameworks",
				);
				MARKETING_VERSION = 1.0;
				PRODUCT_BUNDLE_IDENTIFIER = app.sunfold.widgets;
				PRODUCT_NAME = "$(TARGET_NAME)";
				SKIP_INSTALL = YES;
				SWIFT_EMIT_LOC_STRINGS = YES;
				TARGETED_DEVICE_FAMILY = 1;
			};
			name = Release;
		};
		5013A0000000000000000137 /* Debug */ = {
			isa = XCBuildConfiguration;
			buildSettings = {
				CODE_SIGN_STYLE = Automatic;
				CURRENT_PROJECT_VERSION = 1;
				GENERATE_INFOPLIST_FILE = YES;
				MARKETING_VERSION = 1.0;
				PRODUCT_BUNDLE_IDENTIFIER = app.sunfold.tests;
				PRODUCT_NAME = "$(TARGET_NAME)";
				SWIFT_EMIT_LOC_STRINGS = NO;
				TARGETED_DEVICE_FAMILY = 1;
			};
			name = Debug;
		};
		5013A0000000000000000138 /* Release */ = {
			isa = XCBuildConfiguration;
			buildSettings = {
				CODE_SIGN_STYLE = Automatic;
				CURRENT_PROJECT_VERSION = 1;
				GENERATE_INFOPLIST_FILE = YES;
				MARKETING_VERSION = 1.0;
				PRODUCT_BUNDLE_IDENTIFIER = app.sunfold.tests;
				PRODUCT_NAME = "$(TARGET_NAME)";
				SWIFT_EMIT_LOC_STRINGS = NO;
				TARGETED_DEVICE_FAMILY = 1;
			};
			name = Release;
		};
/* End XCBuildConfiguration section */

/* Begin XCConfigurationList section */
		5013A0000000000000000121 /* Build configuration list for PBXProject "Sunfold" */ = {
			isa = XCConfigurationList;
			buildConfigurations = (
				5013A0000000000000000131 /* Debug */,
				5013A0000000000000000132 /* Release */,
			);
			defaultConfigurationIsVisible = 0;
			defaultConfigurationName = Release;
		};
		5013A0000000000000000122 /* Build configuration list for PBXNativeTarget "Sunfold" */ = {
			isa = XCConfigurationList;
			buildConfigurations = (
				5013A0000000000000000133 /* Debug */,
				5013A0000000000000000134 /* Release */,
			);
			defaultConfigurationIsVisible = 0;
			defaultConfigurationName = Release;
		};
		5013A0000000000000000123 /* Build configuration list for PBXNativeTarget "SunfoldWidgets" */ = {
			isa = XCConfigurationList;
			buildConfigurations = (
				5013A0000000000000000135 /* Debug */,
				5013A0000000000000000136 /* Release */,
			);
			defaultConfigurationIsVisible = 0;
			defaultConfigurationName = Release;
		};
		5013A0000000000000000124 /* Build configuration list for PBXNativeTarget "SunfoldTests" */ = {
			isa = XCConfigurationList;
			buildConfigurations = (
				5013A0000000000000000137 /* Debug */,
				5013A0000000000000000138 /* Release */,
			);
			defaultConfigurationIsVisible = 0;
			defaultConfigurationName = Release;
		};
/* End XCConfigurationList section */

/* Begin XCRemoteSwiftPackageReference section */
		5013A0000000000000000111 /* XCRemoteSwiftPackageReference "purchases-ios" */ = {
			isa = XCRemoteSwiftPackageReference;
			repositoryURL = "https://github.com/RevenueCat/purchases-ios.git";
			requirement = {
				kind = upToNextMajorVersion;
				minimumVersion = 5.83.1;
			};
		};
/* End XCRemoteSwiftPackageReference section */

/* Begin XCSwiftPackageProductDependency section */
		5013A0000000000000000112 /* RevenueCat */ = {
			isa = XCSwiftPackageProductDependency;
			package = 5013A0000000000000000111 /* XCRemoteSwiftPackageReference "purchases-ios" */;
			productName = RevenueCat;
		};
/* End XCSwiftPackageProductDependency section */
	};
	rootObject = 5013A00000000000000000A1 /* Project object */;
}
